
Microsoft Visual Studio Solution File, Format Version 12.00
# Visual Studio Version 16
VisualStudioVersion = 16.0.31402.337
MinimumVisualStudioVersion = 10.0.40219.1
Project("{FAE04EC0-301F-11D3-BF4B-00C04F79EFBC}") = "TetrisGUI", "TetrisGUI\TetrisGUI.csproj", "{7C795A63-F379-40B4-ABD0-AEC0099372C9}"
EndProject
Global
	GlobalSection(SolutionConfigurationPlatforms) = preSolution
		Debug|Any CPU = Debug|Any CPU
		Release|Any CPU = Release|Any CPU
	EndGlobalSection
	GlobalSection(ProjectConfigurationPlatforms) = postSolution
		{7C795A63-F379-40B4-ABD0-AEC0099372C9}.Debug|Any CPU.ActiveCfg = Debug|Any CPU
		{7C795A63-F379-40B4-ABD0-AEC0099372C9}.Debug|Any CPU.Build.0 = Debug|Any CPU
		{7C795A63-F379-40B4-ABD0-AEC0099372C9}.Release|Any CPU.ActiveCfg = Release|Any CPU
		{7C795A63-F379-40B4-ABD0-AEC0099372C9}.Release|Any CPU.Build.0 = Release|Any CPU
	EndGlobalSection
	GlobalSection(SolutionProperties) = preSolution
		HideSolutionNode = FALSE
	EndGlobalSection
	GlobalSection(ExtensibilityGlobals) = postSolution
		SolutionGuid = {05F77EE0-03B5-463A-B282-A684F89ADEB0}
	EndGlobalSection
EndGlobal
